<?xml version="1.0" encoding="UTF-8"?>
<Scheme
   LastUpgradeVersion = "1640"
   version = "1.7">
   <BuildAction
      parallelizeBuildables = "YES"
      buildImplicitDependencies = "YES"
      buildArchitectures = "Automatic">
      <PostActions>
         <ExecutionAction
            ActionType = "Xcode.IDEStandardExecutionActionsCore.ExecutionActionType.ShellScriptAction">
            <ActionContent
               title = "Run Script"
               scriptText = "#!/bin/bash&#10;set -euo pipefail&#10;&#10;BID=&quot;com.bandonea.FastSwitch&quot;&#10;&#10;APP=&quot;${CODESIGNING_FOLDER_PATH:-${BUILT_PRODUCTS_DIR}/${FULL_PRODUCT_NAME}}&quot;&#10;DEST_DIR=&quot;$HOME/apps&quot;&#10;DEST=&quot;$DEST_DIR/FastSwitch.app&quot;&#10;&#10;echo &quot;[FastSwitch] APP=$APP&quot;&#10;echo &quot;[FastSwitch] DEST=$DEST&quot;&#10;&#10;# Cerrar cualquier instancia previa (debug o instalada)&#10;osascript -e &quot;tell application id \&quot;$BID\&quot; to quit&quot; || true&#10;pkill -f &quot;$DEST/Contents/MacOS/FastSwitch&quot; || true&#10;pkill -x FastSwitch || true&#10;sleep 0.3&#10;&#10;# (opcional durante desarrollo) limpiar permisos para re-pedirlos&#10;#/usr/bin/tccutil reset Accessibility &quot;$BID&quot; || true&#10;#/usr/bin/tccutil reset AppleEvents   &quot;$BID&quot; || true&#10;# /usr/bin/tccutil reset All &quot;$BID&quot;    || true  # &#x201c;borr&#xf3;n y cuenta nueva&#x201d;&#10;&#10;# Copiar y abrir la copia &#x201c;estable&#x201d;&#10;mkdir -p &quot;$DEST_DIR&quot;&#10;rm -rf &quot;$DEST&quot;&#10;/usr/bin/ditto &quot;$APP&quot; &quot;$DEST&quot;&#10;xattr -dr com.apple.quarantine &quot;$DEST&quot; || true&#10;open &quot;$DEST&quot;&#10;&#10;">
               <EnvironmentBuildable>
                  <BuildableReference
                     BuildableIdentifier = "primary"
                     BlueprintIdentifier = "3D8BACDF2E479D39007B545D"
                     BuildableName = "FastSwitch.app"
                     BlueprintName = "FastSwitch"
                     ReferencedContainer = "container:FastSwitch.xcodeproj">
                  </BuildableReference>
               </EnvironmentBuildable>
            </ActionContent>
         </ExecutionAction>
      </PostActions>
      <BuildActionEntries>
         <BuildActionEntry
            buildForTesting = "YES"
            buildForRunning = "YES"
            buildForProfiling = "YES"
            buildForArchiving = "YES"
            buildForAnalyzing = "YES">
            <BuildableReference
               BuildableIdentifier = "primary"
               BlueprintIdentifier = "3D8BACDF2E479D39007B545D"
               BuildableName = "FastSwitch.app"
               BlueprintName = "FastSwitch"
               ReferencedContainer = "container:FastSwitch.xcodeproj">
            </BuildableReference>
         </BuildActionEntry>
      </BuildActionEntries>
   </BuildAction>
   <TestAction
      buildConfiguration = "Debug"
      selectedDebuggerIdentifier = "Xcode.DebuggerFoundation.Debugger.LLDB"
      selectedLauncherIdentifier = "Xcode.DebuggerFoundation.Launcher.LLDB"
      shouldUseLaunchSchemeArgsEnv = "YES"
      shouldAutocreateTestPlan = "YES">
      <Testables>
         <TestableReference
            skipped = "NO"
            parallelizable = "YES">
            <BuildableReference
               BuildableIdentifier = "primary"
               BlueprintIdentifier = "3D8BACED2E479D3B007B545D"
               BuildableName = "FastSwitchTests.xctest"
               BlueprintName = "FastSwitchTests"
               ReferencedContainer = "container:FastSwitch.xcodeproj">
            </BuildableReference>
         </TestableReference>
         <TestableReference
            skipped = "NO"
            parallelizable = "YES">
            <BuildableReference
               BuildableIdentifier = "primary"
               BlueprintIdentifier = "3D8BACF72E479D3B007B545D"
               BuildableName = "FastSwitchUITests.xctest"
               BlueprintName = "FastSwitchUITests"
               ReferencedContainer = "container:FastSwitch.xcodeproj">
            </BuildableReference>
         </TestableReference>
      </Testables>
   </TestAction>
   <LaunchAction
      buildConfiguration = "Release"
      selectedDebuggerIdentifier = "Xcode.DebuggerFoundation.Debugger.LLDB"
      selectedLauncherIdentifier = "Xcode.DebuggerFoundation.Launcher.LLDB"
      launchStyle = "0"
      useCustomWorkingDirectory = "NO"
      ignoresPersistentStateOnLaunch = "NO"
      debugDocumentVersioning = "YES"
      debugServiceExtension = "internal"
      allowLocationSimulation = "YES">
      <BuildableProductRunnable
         runnableDebuggingMode = "0">
         <BuildableReference
            BuildableIdentifier = "primary"
            BlueprintIdentifier = "3D8BACDF2E479D39007B545D"
            BuildableName = "FastSwitch.app"
            BlueprintName = "FastSwitch"
            ReferencedContainer = "container:FastSwitch.xcodeproj">
         </BuildableReference>
      </BuildableProductRunnable>
   </LaunchAction>
   <ProfileAction
      buildConfiguration = "Release"
      shouldUseLaunchSchemeArgsEnv = "YES"
      savedToolIdentifier = ""
      useCustomWorkingDirectory = "NO"
      debugDocumentVersioning = "YES">
      <BuildableProductRunnable
         runnableDebuggingMode = "0">
         <BuildableReference
            BuildableIdentifier = "primary"
            BlueprintIdentifier = "3D8BACDF2E479D39007B545D"
            BuildableName = "FastSwitch.app"
            BlueprintName = "FastSwitch"
            ReferencedContainer = "container:FastSwitch.xcodeproj">
         </BuildableReference>
      </BuildableProductRunnable>
   </ProfileAction>
   <AnalyzeAction
      buildConfiguration = "Debug">
   </AnalyzeAction>
   <ArchiveAction
      buildConfiguration = "Release"
      revealArchiveInOrganizer = "YES">
   </ArchiveAction>
</Scheme>
